
Microsoft Visual Studio Solution File, Format Version 12.00
# Visual Studio Version 16
VisualStudioVersion = 16.0.31515.178
MinimumVisualStudioVersion = 10.0.40219.1
Project("{FAE04EC0-301F-11D3-BF4B-00C04F79EFBC}") = "ProductReviewManagement", "ProductReviewManagement\ProductReviewManagement.csproj", "{B67DB10C-886F-42C2-AE30-8CD402587BC8}"
EndProject
Global
	GlobalSection(SolutionConfigurationPlatforms) = preSolution
		Debug|Any CPU = Debug|Any CPU
		Release|Any CPU = Release|Any CPU
	EndGlobalSection
	GlobalSection(ProjectConfigurationPlatforms) = postSolution
		{B67DB10C-886F-42C2-AE30-8CD402587BC8}.Debug|Any CPU.ActiveCfg = Debug|Any CPU
		{B67DB10C-886F-42C2-AE30-8CD402587BC8}.Debug|Any CPU.Build.0 = Debug|Any CPU
		{B67DB10C-886F-42C2-AE30-8CD402587BC8}.Release|Any CPU.ActiveCfg = Release|Any CPU
		{B67DB10C-886F-42C2-AE30-8CD402587BC8}.Release|Any CPU.Build.0 = Release|Any CPU
	EndGlobalSection
	GlobalSection(SolutionProperties) = preSolution
		HideSolutionNode = FALSE
	EndGlobalSection
	GlobalSection(ExtensibilityGlobals) = postSolution
		SolutionGuid = {66CB4154-7EE6-4389-B715-60385B674933}
	EndGlobalSection
EndGlobal
